// !$*UTF8*$!
{
	archiveVersion = 1;
	classes = {
	};
	objectVersion = 50;
	objects = {

/* Begin PBXBuildFile section */
		93FCC2112239FA1700868FFB /* EmojiCollectionViewCell.swift in Sources */ = {isa = PBXBuildFile; fileRef = 93FCC2102239FA1700868FFB /* EmojiCollectionViewCell.swift */; };
		93FCC213223F485D00868FFB /* EmojiArt_Gestures.swift in Sources */ = {isa = PBXBuildFile; fileRef = 93FCC212223F485D00868FFB /* EmojiArt_Gestures.swift */; };
		93FCC2152240C5EA00868FFB /* AddEmojiTextFieldCollectionViewCell.swift in Sources */ = {isa = PBXBuildFile; fileRef = 93FCC2142240C5EA00868FFB /* AddEmojiTextFieldCollectionViewCell.swift */; };
		93FCC2172241EF9400868FFB /* EmojiArt.swift in Sources */ = {isa = PBXBuildFile; fileRef = 93FCC2162241EF9400868FFB /* EmojiArt.swift */; };
		93FCC219224336F800868FFB /* Utilities.swift in Sources */ = {isa = PBXBuildFile; fileRef = 93FCC218224336F800868FFB /* Utilities.swift */; };
		93FCC21B224493A600868FFB /* EmojiArtDocument.swift in Sources */ = {isa = PBXBuildFile; fileRef = 93FCC21A224493A600868FFB /* EmojiArtDocument.swift */; };
		D5E6758B222BDF53006F6728 /* AppDelegate.swift in Sources */ = {isa = PBXBuildFile; fileRef = D5E6758A222BDF53006F6728 /* AppDelegate.swift */; };
		D5E6758D222BDF53006F6728 /* DocumentBrowserViewController.swift in Sources */ = {isa = PBXBuildFile; fileRef = D5E6758C222BDF53006F6728 /* DocumentBrowserViewController.swift */; };
		D5E67591222BDF53006F6728 /* Document.swift in Sources */ = {isa = PBXBuildFile; fileRef = D5E67590222BDF53006F6728 /* Document.swift */; };
		D5E67594222BDF53006F6728 /* Main.storyboard in Resources */ = {isa = PBXBuildFile; fileRef = D5E67592222BDF53006F6728 /* Main.storyboard */; };
		D5E67596222BDF54006F6728 /* Assets.xcassets in Resources */ = {isa = PBXBuildFile; fileRef = D5E67595222BDF54006F6728 /* Assets.xcassets */; };
		D5E67599222BDF54006F6728 /* LaunchScreen.storyboard in Resources */ = {isa = PBXBuildFile; fileRef = D5E67597222BDF54006F6728 /* LaunchScreen.storyboard */; };
		D5E675A8222BE34F006F6728 /* EmojiArtViewController.swift in Sources */ = {isa = PBXBuildFile; fileRef = D5E675A7222BE34F006F6728 /* EmojiArtViewController.swift */; };
		D5E675AA222BE397006F6728 /* EmojiArtView.swift in Sources */ = {isa = PBXBuildFile; fileRef = D5E675A9222BE397006F6728 /* EmojiArtView.swift */; };
		D5E675AC2233A75E006F6728 /* ImageFetcher.swift in Sources */ = {isa = PBXBuildFile; fileRef = D5E675AB2233A75E006F6728 /* ImageFetcher.swift */; };
		D5E675AE2234CD7A006F6728 /* EmojiArtDocumentTableViewController.swift in Sources */ = {isa = PBXBuildFile; fileRef = D5E675AD2234CD7A006F6728 /* EmojiArtDocumentTableViewController.swift */; };
/* End PBXBuildFile section */

/* Begin PBXFileReference section */
		93FCC2102239FA1700868FFB /* EmojiCollectionViewCell.swift */ = {isa = PBXFileReference; lastKnownFileType = sourcecode.swift; path = EmojiCollectionViewCell.swift; sourceTree = "<group>"; };
		93FCC212223F485D00868FFB /* EmojiArt_Gestures.swift */ = {isa = PBXFileReference; lastKnownFileType = sourcecode.swift; path = EmojiArt_Gestures.swift; sourceTree = "<group>"; };
		93FCC2142240C5EA00868FFB /* AddEmojiTextFieldCollectionViewCell.swift */ = {isa = PBXFileReference; lastKnownFileType = sourcecode.swift; path = AddEmojiTextFieldCollectionViewCell.swift; sourceTree = "<group>"; };
		93FCC2162241EF9400868FFB /* EmojiArt.swift */ = {isa = PBXFileReference; lastKnownFileType = sourcecode.swift; path = EmojiArt.swift; sourceTree = "<group>"; };
		93FCC218224336F800868FFB /* Utilities.swift */ = {isa = PBXFileReference; fileEncoding = 4; lastKnownFileType = sourcecode.swift; path = Utilities.swift; sourceTree = "<group>"; };
		93FCC21A224493A600868FFB /* EmojiArtDocument.swift */ = {isa = PBXFileReference; lastKnownFileType = sourcecode.swift; path = EmojiArtDocument.swift; sourceTree = "<group>"; };
		D5E67587222BDF53006F6728 /* EmojiArt.app */ = {isa = PBXFileReference; explicitFileType = wrapper.application; includeInIndex = 0; path = EmojiArt.app; sourceTree = BUILT_PRODUCTS_DIR; };
		D5E6758A222BDF53006F6728 /* AppDelegate.swift */ = {isa = PBXFileReference; lastKnownFileType = sourcecode.swift; path = AppDelegate.swift; sourceTree = "<group>"; };
		D5E6758C222BDF53006F6728 /* DocumentBrowserViewController.swift */ = {isa = PBXFileReference; lastKnownFileType = sourcecode.swift; path = DocumentBrowserViewController.swift; sourceTree = "<group>"; };
		D5E67590222BDF53006F6728 /* Document.swift */ = {isa = PBXFileReference; lastKnownFileType = sourcecode.swift; path = Document.swift; sourceTree = "<group>"; };
		D5E67593222BDF53006F6728 /* Base */ = {isa = PBXFileReference; lastKnownFileType = file.storyboard; name = Base; path = Base.lproj/Main.storyboard; sourceTree = "<group>"; };
		D5E67595222BDF54006F6728 /* Assets.xcassets */ = {isa = PBXFileReference; lastKnownFileType = folder.assetcatalog; path = Assets.xcassets; sourceTree = "<group>"; };
		D5E67598222BDF54006F6728 /* Base */ = {isa = PBXFileReference; lastKnownFileType = file.storyboard; name = Base; path = Base.lproj/LaunchScreen.storyboard; sourceTree = "<group>"; };
		D5E6759A222BDF54006F6728 /* Info.plist */ = {isa = PBXFileReference; lastKnownFileType = text.plist.xml; path = Info.plist; sourceTree = "<group>"; };
		D5E675A7222BE34F006F6728 /* EmojiArtViewController.swift */ = {isa = PBXFileReference; lastKnownFileType = sourcecode.swift; path = EmojiArtViewController.swift; sourceTree = "<group>"; };
		D5E675A9222BE397006F6728 /* EmojiArtView.swift */ = {isa = PBXFileReference; lastKnownFileType = sourcecode.swift; path = EmojiArtView.swift; sourceTree = "<group>"; };
		D5E675AB2233A75E006F6728 /* ImageFetcher.swift */ = {isa = PBXFileReference; lastKnownFileType = sourcecode.swift; path = ImageFetcher.swift; sourceTree = "<group>"; };
		D5E675AD2234CD7A006F6728 /* EmojiArtDocumentTableViewController.swift */ = {isa = PBXFileReference; lastKnownFileType = sourcecode.swift; path = EmojiArtDocumentTableViewController.swift; sourceTree = "<group>"; };
/* End PBXFileReference section */

/* Begin PBXFrameworksBuildPhase section */
		D5E67584222BDF53006F6728 /* Frameworks */ = {
			isa = PBXFrameworksBuildPhase;
			buildActionMask = 2147483647;
			files = (
			);
			runOnlyForDeploymentPostprocessing = 0;
		};
/* End PBXFrameworksBuildPhase section */

/* Begin PBXGroup section */
		D5E6757E222BDF52006F6728 = {
			isa = PBXGroup;
			children = (
				D5E67589222BDF53006F6728 /* EmojiArt */,
				D5E67588222BDF53006F6728 /* Products */,
			);
			sourceTree = "<group>";
		};
		D5E67588222BDF53006F6728 /* Products */ = {
			isa = PBXGroup;
			children = (
				D5E67587222BDF53006F6728 /* EmojiArt.app */,
			);
			name = Products;
			sourceTree = "<group>";
		};
		D5E67589222BDF53006F6728 /* EmojiArt */ = {
			isa = PBXGroup;
			children = (
				D5E675A0222BE044006F6728 /* Supporting Files */,
				D5E675A1222BE062006F6728 /* Document App Files */,
				D5E67592222BDF53006F6728 /* Main.storyboard */,
				D5E675A6222BE260006F6728 /* EmojiArt */,
				D5E6759A222BDF54006F6728 /* Info.plist */,
			);
			path = EmojiArt;
			sourceTree = "<group>";
		};
		D5E675A0222BE044006F6728 /* Supporting Files */ = {
			isa = PBXGroup;
			children = (
				D5E6758A222BDF53006F6728 /* AppDelegate.swift */,
				D5E67595222BDF54006F6728 /* Assets.xcassets */,
				D5E67597222BDF54006F6728 /* LaunchScreen.storyboard */,
			);
			path = "Supporting Files";
			sourceTree = "<group>";
		};
		D5E675A1222BE062006F6728 /* Document App Files */ = {
			isa = PBXGroup;
			children = (
				D5E6758C222BDF53006F6728 /* DocumentBrowserViewController.swift */,
				D5E67590222BDF53006F6728 /* Document.swift */,
				93FCC21A224493A600868FFB /* EmojiArtDocument.swift */,
			);
			path = "Document App Files";
			sourceTree = "<group>";
		};
		D5E675A6222BE260006F6728 /* EmojiArt */ = {
			isa = PBXGroup;
			children = (
				D5E675A7222BE34F006F6728 /* EmojiArtViewController.swift */,
				93FCC2162241EF9400868FFB /* EmojiArt.swift */,
				D5E675A9222BE397006F6728 /* EmojiArtView.swift */,
				93FCC218224336F800868FFB /* Utilities.swift */,
				93FCC2102239FA1700868FFB /* EmojiCollectionViewCell.swift */,
				93FCC2142240C5EA00868FFB /* AddEmojiTextFieldCollectionViewCell.swift */,
				D5E675AD2234CD7A006F6728 /* EmojiArtDocumentTableViewController.swift */,
				D5E675AB2233A75E006F6728 /* ImageFetcher.swift */,
				93FCC212223F485D00868FFB /* EmojiArt_Gestures.swift */,
			);
			path = EmojiArt;
			sourceTree = "<group>";
		};
/* End PBXGroup section */

/* Begin PBXNativeTarget section */
		D5E67586222BDF53006F6728 /* EmojiArt */ = {
			isa = PBXNativeTarget;
			buildConfigurationList = D5E6759D222BDF54006F6728 /* Build configuration list for PBXNativeTarget "EmojiArt" */;
			buildPhases = (
				D5E67583222BDF53006F6728 /* Sources */,
				D5E67584222BDF53006F6728 /* Frameworks */,
				D5E67585222BDF53006F6728 /* Resources */,
			);
			buildRules = (
			);
			dependencies = (
			);
			name = EmojiArt;
			productName = EmojiArt;
			productReference = D5E67587222BDF53006F6728 /* EmojiArt.app */;
			productType = "com.apple.product-type.application";
		};
/* End PBXNativeTarget section */

/* Begin PBXProject section */
		D5E6757F222BDF52006F6728 /* Project object */ = {
			isa = PBXProject;
			attributes = {
				LastSwiftUpdateCheck = 1010;
				LastUpgradeCheck = 1010;
				ORGANIZATIONNAME = xu;
				TargetAttributes = {
					D5E67586222BDF53006F6728 = {
						CreatedOnToolsVersion = 10.1;
					};
				};
			};
			buildConfigurationList = D5E67582222BDF52006F6728 /* Build configuration list for PBXProject "EmojiArt" */;
			compatibilityVersion = "Xcode 9.3";
			developmentRegion = en;
			hasScannedForEncodings = 0;
			knownRegions = (
				en,
				Base,
			);
			mainGroup = D5E6757E222BDF52006F6728;
			productRefGroup = D5E67588222BDF53006F6728 /* Products */;
			projectDirPath = "";
			projectRoot = "";
			targets = (
				D5E67586222BDF53006F6728 /* EmojiArt */,
			);
		};
/* End PBXProject section */

/* Begin PBXResourcesBuildPhase section */
		D5E67585222BDF53006F6728 /* Resources */ = {
			isa = PBXResourcesBuildPhase;
			buildActionMask = 2147483647;
			files = (
				D5E67599222BDF54006F6728 /* LaunchScreen.storyboard in Resources */,
				D5E67596222BDF54006F6728 /* Assets.xcassets in Resources */,
				D5E67594222BDF53006F6728 /* Main.storyboard in Resources */,
			);
			runOnlyForDeploymentPostprocessing = 0;
		};
/* End PBXResourcesBuildPhase section */

/* Begin PBXSourcesBuildPhase section */
		D5E67583222BDF53006F6728 /* Sources */ = {
			isa = PBXSourcesBuildPhase;
			buildActionMask = 2147483647;
			files = (
				93FCC2172241EF9400868FFB /* EmojiArt.swift in Sources */,
				D5E67591222BDF53006F6728 /* Document.swift in Sources */,
				D5E675A8222BE34F006F6728 /* EmojiArtViewController.swift in Sources */,
				93FCC213223F485D00868FFB /* EmojiArt_Gestures.swift in Sources */,
				93FCC219224336F800868FFB /* Utilities.swift in Sources */,
				93FCC2152240C5EA00868FFB /* AddEmojiTextFieldCollectionViewCell.swift in Sources */,
				D5E6758D222BDF53006F6728 /* DocumentBrowserViewController.swift in Sources */,
				D5E675AC2233A75E006F6728 /* ImageFetcher.swift in Sources */,
				D5E675AE2234CD7A006F6728 /* EmojiArtDocumentTableViewController.swift in Sources */,
				D5E6758B222BDF53006F6728 /* AppDelegate.swift in Sources */,
				93FCC21B224493A600868FFB /* EmojiArtDocument.swift in Sources */,
				93FCC2112239FA1700868FFB /* EmojiCollectionViewCell.swift in Sources */,
				D5E675AA222BE397006F6728 /* EmojiArtView.swift in Sources */,
			);
			runOnlyForDeploymentPostprocessing = 0;
		};
/* End PBXSourcesBuildPhase section */

/* Begin PBXVariantGroup section */
		D5E67592222BDF53006F6728 /* Main.storyboard */ = {
			isa = PBXVariantGroup;
			children = (
				D5E67593222BDF53006F6728 /* Base */,
			);
			name = Main.storyboard;
			sourceTree = "<group>";
		};
		D5E67597222BDF54006F6728 /* LaunchScreen.storyboard */ = {
			isa = PBXVariantGroup;
			children = (
				D5E67598222BDF54006F6728 /* Base */,
			);
			name = LaunchScreen.storyboard;
			sourceTree = "<group>";
		};
/* End PBXVariantGroup section */

/* Begin XCBuildConfiguration section */
		D5E6759B222BDF54006F6728 /* Debug */ = {
			isa = XCBuildConfiguration;
			buildSettings = {
				ALWAYS_SEARCH_USER_PATHS = NO;
				CLANG_ANALYZER_NONNULL = YES;
				CLANG_ANALYZER_NUMBER_OBJECT_CONVERSION = YES_AGGRESSIVE;
				CLANG_CXX_LANGUAGE_STANDARD = "gnu++14";
				CLANG_CXX_LIBRARY = "libc++";
				CLANG_ENABLE_MODULES = YES;
				CLANG_ENABLE_OBJC_ARC = YES;
				CLANG_ENABLE_OBJC_WEAK = YES;
				CLANG_WARN_BLOCK_CAPTURE_AUTORELEASING = YES;
				CLANG_WARN_BOOL_CONVERSION = YES;
				CLANG_WARN_COMMA = YES;
				CLANG_WARN_CONSTANT_CONVERSION = YES;
				CLANG_WARN_DEPRECATED_OBJC_IMPLEMENTATIONS = YES;
				CLANG_WARN_DIRECT_OBJC_ISA_USAGE = YES_ERROR;
				CLANG_WARN_DOCUMENTATION_COMMENTS = YES;
				CLANG_WARN_EMPTY_BODY = YES;
				CLANG_WARN_ENUM_CONVERSION = YES;
				CLANG_WARN_INFINITE_RECURSION = YES;
				CLANG_WARN_INT_CONVERSION = YES;
				CLANG_WARN_NON_LITERAL_NULL_CONVERSION = YES;
				CLANG_WARN_OBJC_IMPLICIT_RETAIN_SELF = YES;
				CLANG_WARN_OBJC_LITERAL_CONVERSION = YES;
				CLANG_WARN_OBJC_ROOT_CLASS = YES_ERROR;
				CLANG_WARN_RANGE_LOOP_ANALYSIS = YES;
				CLANG_WARN_STRICT_PROTOTYPES = YES;
				CLANG_WARN_SUSPICIOUS_MOVE = YES;
				CLANG_WARN_UNGUARDED_AVAILABILITY = YES_AGGRESSIVE;
				CLANG_WARN_UNREACHABLE_CODE = YES;
				CLANG_WARN__DUPLICATE_METHOD_MATCH = YES;
				CODE_SIGN_IDENTITY = "iPhone Developer";
				COPY_PHASE_STRIP = NO;
				DEBUG_INFORMATION_FORMAT = dwarf;
				ENABLE_STRICT_OBJC_MSGSEND = YES;
				ENABLE_TESTABILITY = YES;
				GCC_C_LANGUAGE_STANDARD = gnu11;
				GCC_DYNAMIC_NO_PIC = NO;
				GCC_NO_COMMON_BLOCKS = YES;
				GCC_OPTIMIZATION_LEVEL = 0;
				GCC_PREPROCESSOR_DEFINITIONS = (
					"DEBUG=1",
					"$(inherited)",
				);
				GCC_WARN_64_TO_32_BIT_CONVERSION = YES;
				GCC_WARN_ABOUT_RETURN_TYPE = YES_ERROR;
				GCC_WARN_UNDECLARED_SELECTOR = YES;
				GCC_WARN_UNINITIALIZED_AUTOS = YES_AGGRESSIVE;
				GCC_WARN_UNUSED_FUNCTION = YES;
				GCC_WARN_UNUSED_VARIABLE = YES;
				IPHONEOS_DEPLOYMENT_TARGET = 12.1;
				MTL_ENABLE_DEBUG_INFO = INCLUDE_SOURCE;
				MTL_FAST_MATH = YES;
				ONLY_ACTIVE_ARCH = YES;
				SDKROOT = iphoneos;
				SWIFT_ACTIVE_COMPILATION_CONDITIONS = DEBUG;
				SWIFT_OPTIMIZATION_LEVEL = "-Onone";
			};
			name = Debug;
		};
		D5E6759C222BDF54006F6728 /* Release */ = {
			isa = XCBuildConfiguration;
			buildSettings = {
				ALWAYS_SEARCH_USER_PATHS = NO;
				CLANG_ANALYZER_NONNULL = YES;
				CLANG_ANALYZER_NUMBER_OBJECT_CONVERSION = YES_AGGRESSIVE;
				CLANG_CXX_LANGUAGE_STANDARD = "gnu++14";
				CLANG_CXX_LIBRARY = "libc++";
				CLANG_ENABLE_MODULES = YES;
				CLANG_ENABLE_OBJC_ARC = YES;
				CLANG_ENABLE_OBJC_WEAK = YES;
				CLANG_WARN_BLOCK_CAPTURE_AUTORELEASING = YES;
				CLANG_WARN_BOOL_CONVERSION = YES;
				CLANG_WARN_COMMA = YES;
				CLANG_WARN_CONSTANT_CONVERSION = YES;
				CLANG_WARN_DEPRECATED_OBJC_IMPLEMENTATIONS = YES;
				CLANG_WARN_DIRECT_OBJC_ISA_USAGE = YES_ERROR;
				CLANG_WARN_DOCUMENTATION_COMMENTS = YES;
				CLANG_WARN_EMPTY_BODY = YES;
				CLANG_WARN_ENUM_CONVERSION = YES;
				CLANG_WARN_INFINITE_RECURSION = YES;
				CLANG_WARN_INT_CONVERSION = YES;
				CLANG_WARN_NON_LITERAL_NULL_CONVERSION = YES;
				CLANG_WARN_OBJC_IMPLICIT_RETAIN_SELF = YES;
				CLANG_WARN_OBJC_LITERAL_CONVERSION = YES;
				CLANG_WARN_OBJC_ROOT_CLASS = YES_ERROR;
				CLANG_WARN_RANGE_LOOP_ANALYSIS = YES;
				CLANG_WARN_STRICT_PROTOTYPES = YES;
				CLANG_WARN_SUSPICIOUS_MOVE = YES;
				CLANG_WARN_UNGUARDED_AVAILABILITY = YES_AGGRESSIVE;
				CLANG_WARN_UNREACHABLE_CODE = YES;
				CLANG_WARN__DUPLICATE_METHOD_MATCH = YES;
				CODE_SIGN_IDENTITY = "iPhone Developer";
				COPY_PHASE_STRIP = NO;
				DEBUG_INFORMATION_FORMAT = "dwarf-with-dsym";
				ENABLE_NS_ASSERTIONS = NO;
				ENABLE_STRICT_OBJC_MSGSEND = YES;
				GCC_C_LANGUAGE_STANDARD = gnu11;
				GCC_NO_COMMON_BLOCKS = YES;
				GCC_WARN_64_TO_32_BIT_CONVERSION = YES;
				GCC_WARN_ABOUT_RETURN_TYPE = YES_ERROR;
				GCC_WARN_UNDECLARED_SELECTOR = YES;
				GCC_WARN_UNINITIALIZED_AUTOS = YES_AGGRESSIVE;
				GCC_WARN_UNUSED_FUNCTION = YES;
				GCC_WARN_UNUSED_VARIABLE = YES;
				IPHONEOS_DEPLOYMENT_TARGET = 12.1;
				MTL_ENABLE_DEBUG_INFO = NO;
				MTL_FAST_MATH = YES;
				SDKROOT = iphoneos;
				SWIFT_COMPILATION_MODE = wholemodule;
				SWIFT_OPTIMIZATION_LEVEL = "-O";
				VALIDATE_PRODUCT = YES;
			};
			name = Release;
		};
		D5E6759E222BDF54006F6728 /* Debug */ = {
			isa = XCBuildConfiguration;
			buildSettings = {
				ASSETCATALOG_COMPILER_APPICON_NAME = AppIcon;
				CODE_SIGN_STYLE = Automatic;
				DEVELOPMENT_TEAM = U8F599XLRD;
				INFOPLIST_FILE = EmojiArt/Info.plist;
				LD_RUNPATH_SEARCH_PATHS = (
					"$(inherited)",
					"@executable_path/Frameworks",
				);
				PRODUCT_BUNDLE_IDENTIFIER = X.EmojiArt;
				PRODUCT_NAME = "$(TARGET_NAME)";
				SWIFT_VERSION = 4.2;
				TARGETED_DEVICE_FAMILY = "1,2";
			};
			name = Debug;
		};
		D5E6759F222BDF54006F6728 /* Release */ = {
			isa = XCBuildConfiguration;
			buildSettings = {
				ASSETCATALOG_COMPILER_APPICON_NAME = AppIcon;
				CODE_SIGN_STYLE = Automatic;
				DEVELOPMENT_TEAM = U8F599XLRD;
				INFOPLIST_FILE = EmojiArt/Info.plist;
				LD_RUNPATH_SEARCH_PATHS = (
					"$(inherited)",
					"@executable_path/Frameworks",
				);
				PRODUCT_BUNDLE_IDENTIFIER = X.EmojiArt;
				PRODUCT_NAME = "$(TARGET_NAME)";
				SWIFT_VERSION = 4.2;
				TARGETED_DEVICE_FAMILY = "1,2";
			};
			name = Release;
		};
/* End XCBuildConfiguration section */

/* Begin XCConfigurationList section */
		D5E67582222BDF52006F6728 /* Build configuration list for PBXProject "EmojiArt" */ = {
			isa = XCConfigurationList;
			buildConfigurations = (
				D5E6759B222BDF54006F6728 /* Debug */,
				D5E6759C222BDF54006F6728 /* Release */,
			);
			defaultConfigurationIsVisible = 0;
			defaultConfigurationName = Release;
		};
		D5E6759D222BDF54006F6728 /* Build configuration list for PBXNativeTarget "EmojiArt" */ = {
			isa = XCConfigurationList;
			buildConfigurations = (
				D5E6759E222BDF54006F6728 /* Debug */,
				D5E6759F222BDF54006F6728 /* Release */,
			);
			defaultConfigurationIsVisible = 0;
			defaultConfigurationName = Release;
		};
/* End XCConfigurationList section */
	};
	rootObject = D5E6757F222BDF52006F6728 /* Project object */;
}
